
Microsoft Visual Studio Solution File, Format Version 12.00
# Visual Studio Version 17
VisualStudioVersion = 17.0.31903.59
MinimumVisualStudioVersion = 10.0.40219.1
Project("{FAE04EC0-301F-11D3-BF4B-00C04F79EFBC}") = "EventService", "EventService\EventService.csproj", "{0E7D6DB5-1CDA-4D3C-9B68-D2426FF1000E}"
EndProject
Project("{FAE04EC0-301F-11D3-BF4B-00C04F79EFBC}") = "NotificationService", "NotificationService\NotificationService.csproj", "{162198B2-B8F0-4D23-9224-8756A8F487EF}"
EndProject
Global
	GlobalSection(SolutionConfigurationPlatforms) = preSolution
		Debug|Any CPU = Debug|Any CPU
		Release|Any CPU = Release|Any CPU
	EndGlobalSection
	GlobalSection(SolutionProperties) = preSolution
		HideSolutionNode = FALSE
	EndGlobalSection
	GlobalSection(ProjectConfigurationPlatforms) = postSolution
		{0E7D6DB5-1CDA-4D3C-9B68-D2426FF1000E}.Debug|Any CPU.ActiveCfg = Debug|Any CPU
		{0E7D6DB5-1CDA-4D3C-9B68-D2426FF1000E}.Debug|Any CPU.Build.0 = Debug|Any CPU
		{0E7D6DB5-1CDA-4D3C-9B68-D2426FF1000E}.Release|Any CPU.ActiveCfg = Release|Any CPU
		{0E7D6DB5-1CDA-4D3C-9B68-D2426FF1000E}.Release|Any CPU.Build.0 = Release|Any CPU
		{162198B2-B8F0-4D23-9224-8756A8F487EF}.Debug|Any CPU.ActiveCfg = Debug|Any CPU
		{162198B2-B8F0-4D23-9224-8756A8F487EF}.Debug|Any CPU.Build.0 = Debug|Any CPU
		{162198B2-B8F0-4D23-9224-8756A8F487EF}.Release|Any CPU.ActiveCfg = Release|Any CPU
		{162198B2-B8F0-4D23-9224-8756A8F487EF}.Release|Any CPU.Build.0 = Release|Any CPU
	EndGlobalSection
EndGlobal
